// !$*UTF8*$!
{
	archiveVersion = 1;
	classes = {
	};
	objectVersion = 51;
	objects = {

/* Begin PBXBuildFile section */
		0FF4A2E6918385E83E4EDFB1 /* Assets.xcassets in Resources */ = {isa = PBXBuildFile; fileRef = 212454DFCA261F43FE5C81BC /* Assets.xcassets */; };
		2CB8B4ECD2B3630E2FFBEA20 /* View+Color.swift in Sources */ = {isa = PBXBuildFile; fileRef = 890CA4263D51E8CF89CE6359 /* View+Color.swift */; };
		2FFFB9D0D802DD623B32EFC4 /* HomeTabView.swift in Sources */ = {isa = PBXBuildFile; fileRef = 818F1C1B64370B44261B029D /* HomeTabView.swift */; };
		38DAE3B375369CBC011BC89A /* PopularMoviesView.swift in Sources */ = {isa = PBXBuildFile; fileRef = 2FD01666159893AF8B9011CF /* PopularMoviesView.swift */; };
		4A5B0E109228293249084678 /* CineNowUITests.swift in Sources */ = {isa = PBXBuildFile; fileRef = A365F08946845F08ED170DFE /* CineNowUITests.swift */; };
		59E35A0469BE26DA30C8F94E /* HomeView.swift in Sources */ = {isa = PBXBuildFile; fileRef = 00A4C175C23AA6DF795B31F5 /* HomeView.swift */; };
		60CD37396EE38F7CA726634D /* CineNowCore.framework in Frameworks */ = {isa = PBXBuildFile; fileRef = 0C5EA68374AED09823AC4E64 /* CineNowCore.framework */; };
		709D952B4BFD2BD85536EEFE /* LoginView.swift in Sources */ = {isa = PBXBuildFile; fileRef = 1E3C726783DD8EECABBF97CA /* LoginView.swift */; };
		7A5029E9ED238D0DEA74119D /* LoginViewModel.swift in Sources */ = {isa = PBXBuildFile; fileRef = 7592424BF9F3780C0AD51848 /* LoginViewModel.swift */; };
		7F419D4F05E940F67DDB7129 /* AppStartingView.swift in Sources */ = {isa = PBXBuildFile; fileRef = 8ECF7BA8A9E9CB25D6508E42 /* AppStartingView.swift */; };
		85F57D03E4DC5948CCE3AAF3 /* Networking.framework in Frameworks */ = {isa = PBXBuildFile; fileRef = 52E23A90115194B470B719CF /* Networking.framework */; };
		890B85A2F1AB57AFDF4C6497 /* CineNowTests.swift in Sources */ = {isa = PBXBuildFile; fileRef = F73D8E09A5B7833859EE7CA4 /* CineNowTests.swift */; };
		90569979F42C7F1C6F41EA15 /* Networking.framework in Embed Frameworks */ = {isa = PBXBuildFile; fileRef = 52E23A90115194B470B719CF /* Networking.framework */; settings = {ATTRIBUTES = (CodeSignOnCopy, RemoveHeadersOnCopy, ); }; };
		91A591504B7E730A7976AFD8 /* View+Image.swift in Sources */ = {isa = PBXBuildFile; fileRef = C8C6DCEDE1DB243C0E067964 /* View+Image.swift */; };
		9BE9FFB052ED28D9CD3FE232 /* CineNowCore.framework in Embed Frameworks */ = {isa = PBXBuildFile; fileRef = 0C5EA68374AED09823AC4E64 /* CineNowCore.framework */; settings = {ATTRIBUTES = (CodeSignOnCopy, RemoveHeadersOnCopy, ); }; };
		AC10B9FDC0FACE2527629CDD /* CineNowApp.swift in Sources */ = {isa = PBXBuildFile; fileRef = DA0D90969CA37C2FB2043C5F /* CineNowApp.swift */; };
		B938700287338193A56CB5F3 /* CineNowUITestsLaunchTests.swift in Sources */ = {isa = PBXBuildFile; fileRef = 9B69CDFEB87E7FE7AD1A0586 /* CineNowUITestsLaunchTests.swift */; };
		C3CB81D13E35AB035F9F8B74 /* SettingsView.swift in Sources */ = {isa = PBXBuildFile; fileRef = 0DC9D35C37A6D401C9B54928 /* SettingsView.swift */; };
		EADD3CB6AD7085398ECBFCF3 /* AppStartingViewModel.swift in Sources */ = {isa = PBXBuildFile; fileRef = A3BFB8634B11E3F17282344F /* AppStartingViewModel.swift */; };
		F2DD5431AE173B13A64A7C29 /* Colors.xcassets in Resources */ = {isa = PBXBuildFile; fileRef = 01CE17EAD5AD34454C5CE773 /* Colors.xcassets */; };
		F3EE7D4FD9D51BED92B7D8BA /* UpcomingMoviesView.swift in Sources */ = {isa = PBXBuildFile; fileRef = 60EBE4286CC338252A347CB7 /* UpcomingMoviesView.swift */; };
		F6572EF0204F37D7ACC10037 /* View+infinityFrame.swift in Sources */ = {isa = PBXBuildFile; fileRef = 3B7C4FAC75F16F1FD8C482CB /* View+infinityFrame.swift */; };
/* End PBXBuildFile section */

/* Begin PBXContainerItemProxy section */
		0932128B83621AAA3DF7023E /* PBXContainerItemProxy */ = {
			isa = PBXContainerItemProxy;
			containerPortal = 05E601FAFBC55C5B329F871E /* Project object */;
			proxyType = 1;
			remoteGlobalIDString = D1EBDEAB5622ABD0E972AD21;
			remoteInfo = CineNow;
		};
		1F54FBCF55E829CB0203A1D2 /* PBXContainerItemProxy */ = {
			isa = PBXContainerItemProxy;
			containerPortal = 05E601FAFBC55C5B329F871E /* Project object */;
			proxyType = 1;
			remoteGlobalIDString = D1EBDEAB5622ABD0E972AD21;
			remoteInfo = CineNow;
		};
		ABF5E3A91D90A2A5B86722EB /* PBXContainerItemProxy */ = {
			isa = PBXContainerItemProxy;
			containerPortal = 05E601FAFBC55C5B329F871E /* Project object */;
			proxyType = 1;
			remoteGlobalIDString = 813425AB5C30D053AC0001CF;
			remoteInfo = Networking;
		};
		DB792AD3ACE9D7004BD3B507 /* PBXContainerItemProxy */ = {
			isa = PBXContainerItemProxy;
			containerPortal = 05E601FAFBC55C5B329F871E /* Project object */;
			proxyType = 1;
			remoteGlobalIDString = 20F5F1E9E342288A2AD392A0;
			remoteInfo = CineNowCore;
		};
/* End PBXContainerItemProxy section */

/* Begin PBXCopyFilesBuildPhase section */
		1EC7720545428B5B6EBED663 /* Embed Frameworks */ = {
			isa = PBXCopyFilesBuildPhase;
			buildActionMask = 2147483647;
			dstPath = "";
			dstSubfolderSpec = 10;
			files = (
				9BE9FFB052ED28D9CD3FE232 /* CineNowCore.framework in Embed Frameworks */,
				90569979F42C7F1C6F41EA15 /* Networking.framework in Embed Frameworks */,
			);
			name = "Embed Frameworks";
			runOnlyForDeploymentPostprocessing = 0;
		};
/* End PBXCopyFilesBuildPhase section */

/* Begin PBXFileReference section */
		00A4C175C23AA6DF795B31F5 /* HomeView.swift */ = {isa = PBXFileReference; lastKnownFileType = sourcecode.swift; path = HomeView.swift; sourceTree = "<group>"; };
		01CE17EAD5AD34454C5CE773 /* Colors.xcassets */ = {isa = PBXFileReference; lastKnownFileType = folder.assetcatalog; path = Colors.xcassets; sourceTree = "<group>"; };
		098FA9C9CAC69FB1E62F8F10 /* Info.plist */ = {isa = PBXFileReference; lastKnownFileType = text.plist; path = Info.plist; sourceTree = "<group>"; };
		0C5EA68374AED09823AC4E64 /* CineNowCore.framework */ = {isa = PBXFileReference; explicitFileType = wrapper.framework; includeInIndex = 0; path = CineNowCore.framework; sourceTree = BUILT_PRODUCTS_DIR; };
		0DC9D35C37A6D401C9B54928 /* SettingsView.swift */ = {isa = PBXFileReference; lastKnownFileType = sourcecode.swift; path = SettingsView.swift; sourceTree = "<group>"; };
		1E3C726783DD8EECABBF97CA /* LoginView.swift */ = {isa = PBXFileReference; lastKnownFileType = sourcecode.swift; path = LoginView.swift; sourceTree = "<group>"; };
		212454DFCA261F43FE5C81BC /* Assets.xcassets */ = {isa = PBXFileReference; lastKnownFileType = folder.assetcatalog; path = Assets.xcassets; sourceTree = "<group>"; };
		2FD01666159893AF8B9011CF /* PopularMoviesView.swift */ = {isa = PBXFileReference; lastKnownFileType = sourcecode.swift; path = PopularMoviesView.swift; sourceTree = "<group>"; };
		3B7C4FAC75F16F1FD8C482CB /* View+infinityFrame.swift */ = {isa = PBXFileReference; lastKnownFileType = sourcecode.swift; path = "View+infinityFrame.swift"; sourceTree = "<group>"; };
		52E23A90115194B470B719CF /* Networking.framework */ = {isa = PBXFileReference; explicitFileType = wrapper.framework; includeInIndex = 0; path = Networking.framework; sourceTree = BUILT_PRODUCTS_DIR; };
		60EBE4286CC338252A347CB7 /* UpcomingMoviesView.swift */ = {isa = PBXFileReference; lastKnownFileType = sourcecode.swift; path = UpcomingMoviesView.swift; sourceTree = "<group>"; };
		7592424BF9F3780C0AD51848 /* LoginViewModel.swift */ = {isa = PBXFileReference; lastKnownFileType = sourcecode.swift; path = LoginViewModel.swift; sourceTree = "<group>"; };
		7D63EDD18FFF6A714AEB3859 /* CineNowUITests.xctest */ = {isa = PBXFileReference; includeInIndex = 0; lastKnownFileType = wrapper.cfbundle; path = CineNowUITests.xctest; sourceTree = BUILT_PRODUCTS_DIR; };
		818F1C1B64370B44261B029D /* HomeTabView.swift */ = {isa = PBXFileReference; lastKnownFileType = sourcecode.swift; path = HomeTabView.swift; sourceTree = "<group>"; };
		890CA4263D51E8CF89CE6359 /* View+Color.swift */ = {isa = PBXFileReference; lastKnownFileType = sourcecode.swift; path = "View+Color.swift"; sourceTree = "<group>"; };
		8ECF7BA8A9E9CB25D6508E42 /* AppStartingView.swift */ = {isa = PBXFileReference; lastKnownFileType = sourcecode.swift; path = AppStartingView.swift; sourceTree = "<group>"; };
		96F91015465368919EC3EB8F /* CineNow.app */ = {isa = PBXFileReference; includeInIndex = 0; lastKnownFileType = wrapper.application; path = CineNow.app; sourceTree = BUILT_PRODUCTS_DIR; };
		9B69CDFEB87E7FE7AD1A0586 /* CineNowUITestsLaunchTests.swift */ = {isa = PBXFileReference; lastKnownFileType = sourcecode.swift; path = CineNowUITestsLaunchTests.swift; sourceTree = "<group>"; };
		A365F08946845F08ED170DFE /* CineNowUITests.swift */ = {isa = PBXFileReference; lastKnownFileType = sourcecode.swift; path = CineNowUITests.swift; sourceTree = "<group>"; };
		A3BFB8634B11E3F17282344F /* AppStartingViewModel.swift */ = {isa = PBXFileReference; lastKnownFileType = sourcecode.swift; path = AppStartingViewModel.swift; sourceTree = "<group>"; };
		AE45D47CA37E6878E2EA6D00 /* CineNowTests.xctest */ = {isa = PBXFileReference; includeInIndex = 0; lastKnownFileType = wrapper.cfbundle; path = CineNowTests.xctest; sourceTree = BUILT_PRODUCTS_DIR; };
		C8C6DCEDE1DB243C0E067964 /* View+Image.swift */ = {isa = PBXFileReference; lastKnownFileType = sourcecode.swift; path = "View+Image.swift"; sourceTree = "<group>"; };
		DA0D90969CA37C2FB2043C5F /* CineNowApp.swift */ = {isa = PBXFileReference; lastKnownFileType = sourcecode.swift; path = CineNowApp.swift; sourceTree = "<group>"; };
		F73D8E09A5B7833859EE7CA4 /* CineNowTests.swift */ = {isa = PBXFileReference; lastKnownFileType = sourcecode.swift; path = CineNowTests.swift; sourceTree = "<group>"; };
		FD831A8A5B6AEC55F6312429 /* Info.plist */ = {isa = PBXFileReference; lastKnownFileType = text.plist; path = Info.plist; sourceTree = "<group>"; };
/* End PBXFileReference section */

/* Begin PBXFrameworksBuildPhase section */
		A2CEBD995CB0C9C21DF5D875 /* Frameworks */ = {
			isa = PBXFrameworksBuildPhase;
			buildActionMask = 2147483647;
			files = (
				60CD37396EE38F7CA726634D /* CineNowCore.framework in Frameworks */,
				85F57D03E4DC5948CCE3AAF3 /* Networking.framework in Frameworks */,
			);
			runOnlyForDeploymentPostprocessing = 0;
		};
/* End PBXFrameworksBuildPhase section */

/* Begin PBXGroup section */
		169CE1FD98C16E76665C4569 /* AppStart */ = {
			isa = PBXGroup;
			children = (
				8ECF7BA8A9E9CB25D6508E42 /* AppStartingView.swift */,
				A3BFB8634B11E3F17282344F /* AppStartingViewModel.swift */,
			);
			path = AppStart;
			sourceTree = "<group>";
		};
		18EF54CEDC5D9653E4B443B8 /* Settings */ = {
			isa = PBXGroup;
			children = (
				0DC9D35C37A6D401C9B54928 /* SettingsView.swift */,
			);
			path = Settings;
			sourceTree = "<group>";
		};
		2195427082B0D00634C84049 /* Popular */ = {
			isa = PBXGroup;
			children = (
				2FD01666159893AF8B9011CF /* PopularMoviesView.swift */,
			);
			path = Popular;
			sourceTree = "<group>";
		};
		238D0AE1448B0EC1668FE8DC /* Login */ = {
			isa = PBXGroup;
			children = (
				1E3C726783DD8EECABBF97CA /* LoginView.swift */,
				7592424BF9F3780C0AD51848 /* LoginViewModel.swift */,
			);
			path = Login;
			sourceTree = "<group>";
		};
		2847778C2A54DE426959EADE /* Upcoming */ = {
			isa = PBXGroup;
			children = (
				60EBE4286CC338252A347CB7 /* UpcomingMoviesView.swift */,
			);
			path = Upcoming;
			sourceTree = "<group>";
		};
		299E963D2374C402964FFAD1 /* Home */ = {
			isa = PBXGroup;
			children = (
				00A4C175C23AA6DF795B31F5 /* HomeView.swift */,
			);
			path = Home;
			sourceTree = "<group>";
		};
		40236ED6D872A5C0D8E9AF15 /* CineNowUITests */ = {
			isa = PBXGroup;
			children = (
				A365F08946845F08ED170DFE /* CineNowUITests.swift */,
				9B69CDFEB87E7FE7AD1A0586 /* CineNowUITestsLaunchTests.swift */,
			);
			path = CineNowUITests;
			sourceTree = "<group>";
		};
		5709DD2658548031FE2C8993 /* Networking */ = {
			isa = PBXGroup;
			children = (
			);
			name = Networking;
			path = CineNow/Networking;
			sourceTree = "<group>";
		};
		618906C019014F70F3422190 /* CineNowCore */ = {
			isa = PBXGroup;
			children = (
			);
			name = CineNowCore;
			path = CineNow/CineNowCore;
			sourceTree = "<group>";
		};
		7F38D6242269E8D68920982D /* App */ = {
			isa = PBXGroup;
			children = (
				212454DFCA261F43FE5C81BC /* Assets.xcassets */,
				DA0D90969CA37C2FB2043C5F /* CineNowApp.swift */,
				01CE17EAD5AD34454C5CE773 /* Colors.xcassets */,
				FD831A8A5B6AEC55F6312429 /* Info.plist */,
			);
			path = App;
			sourceTree = "<group>";
		};
		81FDF0978C4B898CE86791CC /* CineNowTests */ = {
			isa = PBXGroup;
			children = (
				F73D8E09A5B7833859EE7CA4 /* CineNowTests.swift */,
			);
			path = CineNowTests;
			sourceTree = "<group>";
		};
		85923350223353C6D9F6ADDA /* Features */ = {
			isa = PBXGroup;
			children = (
				818F1C1B64370B44261B029D /* HomeTabView.swift */,
				299E963D2374C402964FFAD1 /* Home */,
				238D0AE1448B0EC1668FE8DC /* Login */,
				2195427082B0D00634C84049 /* Popular */,
				18EF54CEDC5D9653E4B443B8 /* Settings */,
				2847778C2A54DE426959EADE /* Upcoming */,
			);
			path = Features;
			sourceTree = "<group>";
		};
		A2DDD39F19C68C8738A87E64 /* Products */ = {
			isa = PBXGroup;
			children = (
				96F91015465368919EC3EB8F /* CineNow.app */,
				0C5EA68374AED09823AC4E64 /* CineNowCore.framework */,
				AE45D47CA37E6878E2EA6D00 /* CineNowTests.xctest */,
				7D63EDD18FFF6A714AEB3859 /* CineNowUITests.xctest */,
				52E23A90115194B470B719CF /* Networking.framework */,
			);
			name = Products;
			sourceTree = "<group>";
		};
		A9233D7BD3EB76A5C14FC9D2 /* CineNow */ = {
			isa = PBXGroup;
			children = (
				098FA9C9CAC69FB1E62F8F10 /* Info.plist */,
				7F38D6242269E8D68920982D /* App */,
				169CE1FD98C16E76665C4569 /* AppStart */,
				DA3F2126BDEFC912D23EB5A0 /* Extensions */,
				85923350223353C6D9F6ADDA /* Features */,
			);
			path = CineNow;
			sourceTree = "<group>";
		};
		DA3F2126BDEFC912D23EB5A0 /* Extensions */ = {
			isa = PBXGroup;
			children = (
				890CA4263D51E8CF89CE6359 /* View+Color.swift */,
				C8C6DCEDE1DB243C0E067964 /* View+Image.swift */,
				3B7C4FAC75F16F1FD8C482CB /* View+infinityFrame.swift */,
			);
			path = Extensions;
			sourceTree = "<group>";
		};
		F7FEED0C67B228E46A99866A = {
			isa = PBXGroup;
			children = (
				A9233D7BD3EB76A5C14FC9D2 /* CineNow */,
				618906C019014F70F3422190 /* CineNowCore */,
				81FDF0978C4B898CE86791CC /* CineNowTests */,
				40236ED6D872A5C0D8E9AF15 /* CineNowUITests */,
				5709DD2658548031FE2C8993 /* Networking */,
				A2DDD39F19C68C8738A87E64 /* Products */,
			);
			sourceTree = "<group>";
		};
/* End PBXGroup section */

/* Begin PBXNativeTarget section */
		20F5F1E9E342288A2AD392A0 /* CineNowCore */ = {
			isa = PBXNativeTarget;
			buildConfigurationList = F0604E452FA0A838D18C545C /* Build configuration list for PBXNativeTarget "CineNowCore" */;
			buildPhases = (
				1460CD16359BF2AC9785EAC5 /* Sources */,
			);
			buildRules = (
			);
			dependencies = (
			);
			name = CineNowCore;
			productName = CineNowCore;
			productReference = 0C5EA68374AED09823AC4E64 /* CineNowCore.framework */;
			productType = "com.apple.product-type.framework";
		};
		813425AB5C30D053AC0001CF /* Networking */ = {
			isa = PBXNativeTarget;
			buildConfigurationList = 8791AC9A403259C90E800B2B /* Build configuration list for PBXNativeTarget "Networking" */;
			buildPhases = (
				0FBBC6C8BC0BB92354294704 /* Sources */,
			);
			buildRules = (
			);
			dependencies = (
			);
			name = Networking;
			productName = Networking;
			productReference = 52E23A90115194B470B719CF /* Networking.framework */;
			productType = "com.apple.product-type.framework";
		};
		BC3A5CA13FA852780DB3825A /* CineNowTests */ = {
			isa = PBXNativeTarget;
			buildConfigurationList = 11CADD430EED0E40E42B4C7E /* Build configuration list for PBXNativeTarget "CineNowTests" */;
			buildPhases = (
				C3163093FE2095A9B999E11B /* Sources */,
			);
			buildRules = (
			);
			dependencies = (
				B8E45B951B51559F302C62B5 /* PBXTargetDependency */,
			);
			name = CineNowTests;
			productName = CineNowTests;
			productReference = AE45D47CA37E6878E2EA6D00 /* CineNowTests.xctest */;
			productType = "com.apple.product-type.bundle.unit-test";
		};
		D1EBDEAB5622ABD0E972AD21 /* CineNow */ = {
			isa = PBXNativeTarget;
			buildConfigurationList = D6D50C410013422FB512C442 /* Build configuration list for PBXNativeTarget "CineNow" */;
			buildPhases = (
				8CFC53F8917779FAE8D2A0EA /* SwiftLint */,
				973E84FBBD0C4F76F6641FD2 /* Sources */,
				5E08B35AE11E756524DBD7EA /* Resources */,
				A2CEBD995CB0C9C21DF5D875 /* Frameworks */,
				1EC7720545428B5B6EBED663 /* Embed Frameworks */,
			);
			buildRules = (
			);
			dependencies = (
				AFF96AAE33C7AA5F2BF65DF1 /* PBXTargetDependency */,
				C1983D57921FCA37F3C950D2 /* PBXTargetDependency */,
			);
			name = CineNow;
			productName = CineNow;
			productReference = 96F91015465368919EC3EB8F /* CineNow.app */;
			productType = "com.apple.product-type.application";
		};
		DC0A3D59C400E6C7A2188654 /* CineNowUITests */ = {
			isa = PBXNativeTarget;
			buildConfigurationList = FA78B950F60296780F890E7A /* Build configuration list for PBXNativeTarget "CineNowUITests" */;
			buildPhases = (
				926195FBDC54DEAE898B247A /* Sources */,
			);
			buildRules = (
			);
			dependencies = (
				B005AF44E450D671923ED102 /* PBXTargetDependency */,
			);
			name = CineNowUITests;
			productName = CineNowUITests;
			productReference = 7D63EDD18FFF6A714AEB3859 /* CineNowUITests.xctest */;
			productType = "com.apple.product-type.bundle.ui-testing";
		};
/* End PBXNativeTarget section */

/* Begin PBXProject section */
		05E601FAFBC55C5B329F871E /* Project object */ = {
			isa = PBXProject;
			attributes = {
				LastUpgradeCheck = 1200;
				TargetAttributes = {
					DC0A3D59C400E6C7A2188654 = {
						TestTargetID = D1EBDEAB5622ABD0E972AD21;
					};
				};
			};
			buildConfigurationList = 2063DEC5D2E5B1BA30480557 /* Build configuration list for PBXProject "CineNow" */;
			compatibilityVersion = "Xcode 10.0";
			developmentRegion = en;
			hasScannedForEncodings = 0;
			knownRegions = (
				Base,
				en,
			);
			mainGroup = F7FEED0C67B228E46A99866A;
			projectDirPath = "";
			projectRoot = "";
			targets = (
				D1EBDEAB5622ABD0E972AD21 /* CineNow */,
				20F5F1E9E342288A2AD392A0 /* CineNowCore */,
				BC3A5CA13FA852780DB3825A /* CineNowTests */,
				DC0A3D59C400E6C7A2188654 /* CineNowUITests */,
				813425AB5C30D053AC0001CF /* Networking */,
			);
		};
/* End PBXProject section */

/* Begin PBXResourcesBuildPhase section */
		5E08B35AE11E756524DBD7EA /* Resources */ = {
			isa = PBXResourcesBuildPhase;
			buildActionMask = 2147483647;
			files = (
				0FF4A2E6918385E83E4EDFB1 /* Assets.xcassets in Resources */,
				F2DD5431AE173B13A64A7C29 /* Colors.xcassets in Resources */,
			);
			runOnlyForDeploymentPostprocessing = 0;
		};
/* End PBXResourcesBuildPhase section */

/* Begin PBXShellScriptBuildPhase section */
		8CFC53F8917779FAE8D2A0EA /* SwiftLint */ = {
			isa = PBXShellScriptBuildPhase;
			buildActionMask = 2147483647;
			files = (
			);
			inputFileListPaths = (
			);
			inputPaths = (
			);
			name = SwiftLint;
			outputFileListPaths = (
			);
			outputPaths = (
			);
			runOnlyForDeploymentPostprocessing = 0;
			shellPath = /bin/sh;
			shellScript = Scripts/swiftlint.sh;
		};
/* End PBXShellScriptBuildPhase section */

/* Begin PBXSourcesBuildPhase section */
		0FBBC6C8BC0BB92354294704 /* Sources */ = {
			isa = PBXSourcesBuildPhase;
			buildActionMask = 2147483647;
			files = (
			);
			runOnlyForDeploymentPostprocessing = 0;
		};
		1460CD16359BF2AC9785EAC5 /* Sources */ = {
			isa = PBXSourcesBuildPhase;
			buildActionMask = 2147483647;
			files = (
			);
			runOnlyForDeploymentPostprocessing = 0;
		};
		926195FBDC54DEAE898B247A /* Sources */ = {
			isa = PBXSourcesBuildPhase;
			buildActionMask = 2147483647;
			files = (
				4A5B0E109228293249084678 /* CineNowUITests.swift in Sources */,
				B938700287338193A56CB5F3 /* CineNowUITestsLaunchTests.swift in Sources */,
			);
			runOnlyForDeploymentPostprocessing = 0;
		};
		973E84FBBD0C4F76F6641FD2 /* Sources */ = {
			isa = PBXSourcesBuildPhase;
			buildActionMask = 2147483647;
			files = (
				7F419D4F05E940F67DDB7129 /* AppStartingView.swift in Sources */,
				EADD3CB6AD7085398ECBFCF3 /* AppStartingViewModel.swift in Sources */,
				AC10B9FDC0FACE2527629CDD /* CineNowApp.swift in Sources */,
				2FFFB9D0D802DD623B32EFC4 /* HomeTabView.swift in Sources */,
				59E35A0469BE26DA30C8F94E /* HomeView.swift in Sources */,
				709D952B4BFD2BD85536EEFE /* LoginView.swift in Sources */,
				7A5029E9ED238D0DEA74119D /* LoginViewModel.swift in Sources */,
				38DAE3B375369CBC011BC89A /* PopularMoviesView.swift in Sources */,
				C3CB81D13E35AB035F9F8B74 /* SettingsView.swift in Sources */,
				F3EE7D4FD9D51BED92B7D8BA /* UpcomingMoviesView.swift in Sources */,
				2CB8B4ECD2B3630E2FFBEA20 /* View+Color.swift in Sources */,
				91A591504B7E730A7976AFD8 /* View+Image.swift in Sources */,
				F6572EF0204F37D7ACC10037 /* View+infinityFrame.swift in Sources */,
			);
			runOnlyForDeploymentPostprocessing = 0;
		};
		C3163093FE2095A9B999E11B /* Sources */ = {
			isa = PBXSourcesBuildPhase;
			buildActionMask = 2147483647;
			files = (
				890B85A2F1AB57AFDF4C6497 /* CineNowTests.swift in Sources */,
			);
			runOnlyForDeploymentPostprocessing = 0;
		};
/* End PBXSourcesBuildPhase section */

/* Begin PBXTargetDependency section */
		AFF96AAE33C7AA5F2BF65DF1 /* PBXTargetDependency */ = {
			isa = PBXTargetDependency;
			target = 20F5F1E9E342288A2AD392A0 /* CineNowCore */;
			targetProxy = DB792AD3ACE9D7004BD3B507 /* PBXContainerItemProxy */;
		};
		B005AF44E450D671923ED102 /* PBXTargetDependency */ = {
			isa = PBXTargetDependency;
			target = D1EBDEAB5622ABD0E972AD21 /* CineNow */;
			targetProxy = 0932128B83621AAA3DF7023E /* PBXContainerItemProxy */;
		};
		B8E45B951B51559F302C62B5 /* PBXTargetDependency */ = {
			isa = PBXTargetDependency;
			target = D1EBDEAB5622ABD0E972AD21 /* CineNow */;
			targetProxy = 1F54FBCF55E829CB0203A1D2 /* PBXContainerItemProxy */;
		};
		C1983D57921FCA37F3C950D2 /* PBXTargetDependency */ = {
			isa = PBXTargetDependency;
			target = 813425AB5C30D053AC0001CF /* Networking */;
			targetProxy = ABF5E3A91D90A2A5B86722EB /* PBXContainerItemProxy */;
		};
/* End PBXTargetDependency section */

/* Begin XCBuildConfiguration section */
		038C4963658C49A715B1DE68 /* Debug */ = {
			isa = XCBuildConfiguration;
			buildSettings = {
				ALWAYS_SEARCH_USER_PATHS = NO;
				CLANG_ANALYZER_NONNULL = YES;
				CLANG_ANALYZER_NUMBER_OBJECT_CONVERSION = YES_AGGRESSIVE;
				CLANG_CXX_LANGUAGE_STANDARD = "gnu++14";
				CLANG_CXX_LIBRARY = "libc++";
				CLANG_ENABLE_MODULES = YES;
				CLANG_ENABLE_OBJC_ARC = YES;
				CLANG_ENABLE_OBJC_WEAK = YES;
				CLANG_WARN_BLOCK_CAPTURE_AUTORELEASING = YES;
				CLANG_WARN_BOOL_CONVERSION = YES;
				CLANG_WARN_COMMA = YES;
				CLANG_WARN_CONSTANT_CONVERSION = YES;
				CLANG_WARN_DEPRECATED_OBJC_IMPLEMENTATIONS = YES;
				CLANG_WARN_DIRECT_OBJC_ISA_USAGE = YES_ERROR;
				CLANG_WARN_DOCUMENTATION_COMMENTS = YES;
				CLANG_WARN_EMPTY_BODY = YES;
				CLANG_WARN_ENUM_CONVERSION = YES;
				CLANG_WARN_INFINITE_RECURSION = YES;
				CLANG_WARN_INT_CONVERSION = YES;
				CLANG_WARN_NON_LITERAL_NULL_CONVERSION = YES;
				CLANG_WARN_OBJC_IMPLICIT_RETAIN_SELF = YES;
				CLANG_WARN_OBJC_LITERAL_CONVERSION = YES;
				CLANG_WARN_OBJC_ROOT_CLASS = YES_ERROR;
				CLANG_WARN_QUOTED_INCLUDE_IN_FRAMEWORK_HEADER = YES;
				CLANG_WARN_RANGE_LOOP_ANALYSIS = YES;
				CLANG_WARN_STRICT_PROTOTYPES = YES;
				CLANG_WARN_SUSPICIOUS_MOVE = YES;
				CLANG_WARN_UNGUARDED_AVAILABILITY = YES_AGGRESSIVE;
				CLANG_WARN_UNREACHABLE_CODE = YES;
				CLANG_WARN__DUPLICATE_METHOD_MATCH = YES;
				COPY_PHASE_STRIP = NO;
				DEBUG_INFORMATION_FORMAT = dwarf;
				ENABLE_STRICT_OBJC_MSGSEND = YES;
				ENABLE_TESTABILITY = YES;
				GCC_C_LANGUAGE_STANDARD = gnu11;
				GCC_DYNAMIC_NO_PIC = NO;
				GCC_NO_COMMON_BLOCKS = YES;
				GCC_OPTIMIZATION_LEVEL = 0;
				GCC_PREPROCESSOR_DEFINITIONS = (
					"$(inherited)",
					"DEBUG=1",
				);
				GCC_WARN_64_TO_32_BIT_CONVERSION = YES;
				GCC_WARN_ABOUT_RETURN_TYPE = YES_ERROR;
				GCC_WARN_UNDECLARED_SELECTOR = YES;
				GCC_WARN_UNINITIALIZED_AUTOS = YES_AGGRESSIVE;
				GCC_WARN_UNUSED_FUNCTION = YES;
				GCC_WARN_UNUSED_VARIABLE = YES;
				GENERATE_INFOPLIST_FILE = YES;
				IPHONEOS_DEPLOYMENT_TARGET = 16.0;
				MTL_ENABLE_DEBUG_INFO = INCLUDE_SOURCE;
				MTL_FAST_MATH = YES;
				ONLY_ACTIVE_ARCH = YES;
				PRODUCT_NAME = "$(TARGET_NAME)";
				SDKROOT = iphoneos;
				SWIFT_ACTIVE_COMPILATION_CONDITIONS = DEBUG;
				SWIFT_OPTIMIZATION_LEVEL = "-Onone";
				SWIFT_VERSION = 5.0;
			};
			name = Debug;
		};
		05F2AA144AC40F0AABE3A0F1 /* Debug */ = {
			isa = XCBuildConfiguration;
			buildSettings = {
				BUNDLE_LOADER = "$(TEST_HOST)";
				LD_RUNPATH_SEARCH_PATHS = (
					"$(inherited)",
					"@executable_path/Frameworks",
					"@loader_path/Frameworks",
				);
				PRODUCT_BUNDLE_IDENTIFIER = com.njdevelopment.CineNowUITests;
				SDKROOT = iphoneos;
				TARGETED_DEVICE_FAMILY = "1,2";
				TEST_TARGET_NAME = CineNow;
			};
			name = Debug;
		};
		476E5496CD1EBE94C7DEFBF6 /* Release */ = {
			isa = XCBuildConfiguration;
			buildSettings = {
				ALWAYS_SEARCH_USER_PATHS = NO;
				CLANG_ANALYZER_NONNULL = YES;
				CLANG_ANALYZER_NUMBER_OBJECT_CONVERSION = YES_AGGRESSIVE;
				CLANG_CXX_LANGUAGE_STANDARD = "gnu++14";
				CLANG_CXX_LIBRARY = "libc++";
				CLANG_ENABLE_MODULES = YES;
				CLANG_ENABLE_OBJC_ARC = YES;
				CLANG_ENABLE_OBJC_WEAK = YES;
				CLANG_WARN_BLOCK_CAPTURE_AUTORELEASING = YES;
				CLANG_WARN_BOOL_CONVERSION = YES;
				CLANG_WARN_COMMA = YES;
				CLANG_WARN_CONSTANT_CONVERSION = YES;
				CLANG_WARN_DEPRECATED_OBJC_IMPLEMENTATIONS = YES;
				CLANG_WARN_DIRECT_OBJC_ISA_USAGE = YES_ERROR;
				CLANG_WARN_DOCUMENTATION_COMMENTS = YES;
				CLANG_WARN_EMPTY_BODY = YES;
				CLANG_WARN_ENUM_CONVERSION = YES;
				CLANG_WARN_INFINITE_RECURSION = YES;
				CLANG_WARN_INT_CONVERSION = YES;
				CLANG_WARN_NON_LITERAL_NULL_CONVERSION = YES;
				CLANG_WARN_OBJC_IMPLICIT_RETAIN_SELF = YES;
				CLANG_WARN_OBJC_LITERAL_CONVERSION = YES;
				CLANG_WARN_OBJC_ROOT_CLASS = YES_ERROR;
				CLANG_WARN_QUOTED_INCLUDE_IN_FRAMEWORK_HEADER = YES;
				CLANG_WARN_RANGE_LOOP_ANALYSIS = YES;
				CLANG_WARN_STRICT_PROTOTYPES = YES;
				CLANG_WARN_SUSPICIOUS_MOVE = YES;
				CLANG_WARN_UNGUARDED_AVAILABILITY = YES_AGGRESSIVE;
				CLANG_WARN_UNREACHABLE_CODE = YES;
				CLANG_WARN__DUPLICATE_METHOD_MATCH = YES;
				COPY_PHASE_STRIP = NO;
				DEBUG_INFORMATION_FORMAT = "dwarf-with-dsym";
				ENABLE_NS_ASSERTIONS = NO;
				ENABLE_STRICT_OBJC_MSGSEND = YES;
				GCC_C_LANGUAGE_STANDARD = gnu11;
				GCC_NO_COMMON_BLOCKS = YES;
				GCC_WARN_64_TO_32_BIT_CONVERSION = YES;
				GCC_WARN_ABOUT_RETURN_TYPE = YES_ERROR;
				GCC_WARN_UNDECLARED_SELECTOR = YES;
				GCC_WARN_UNINITIALIZED_AUTOS = YES_AGGRESSIVE;
				GCC_WARN_UNUSED_FUNCTION = YES;
				GCC_WARN_UNUSED_VARIABLE = YES;
				GENERATE_INFOPLIST_FILE = YES;
				IPHONEOS_DEPLOYMENT_TARGET = 16.0;
				MTL_ENABLE_DEBUG_INFO = NO;
				MTL_FAST_MATH = YES;
				PRODUCT_NAME = "$(TARGET_NAME)";
				SDKROOT = iphoneos;
				SWIFT_COMPILATION_MODE = wholemodule;
				SWIFT_OPTIMIZATION_LEVEL = "-O";
				SWIFT_VERSION = 5.0;
			};
			name = Release;
		};
		5C78702D5E28A234AA27846B /* Debug */ = {
			isa = XCBuildConfiguration;
			buildSettings = {
				BUNDLE_LOADER = "$(TEST_HOST)";
				LD_RUNPATH_SEARCH_PATHS = (
					"$(inherited)",
					"@executable_path/Frameworks",
					"@loader_path/Frameworks",
				);
				PRODUCT_BUNDLE_IDENTIFIER = com.njdevelopment.CineNowTests;
				SDKROOT = iphoneos;
				TARGETED_DEVICE_FAMILY = "1,2";
				TEST_HOST = "$(BUILT_PRODUCTS_DIR)/CineNow.app/CineNow";
			};
			name = Debug;
		};
		68159D4AFCCE39CE0D196793 /* Release */ = {
			isa = XCBuildConfiguration;
			buildSettings = {
				BUNDLE_LOADER = "$(TEST_HOST)";
				LD_RUNPATH_SEARCH_PATHS = (
					"$(inherited)",
					"@executable_path/Frameworks",
					"@loader_path/Frameworks",
				);
				PRODUCT_BUNDLE_IDENTIFIER = com.njdevelopment.CineNowUITests;
				SDKROOT = iphoneos;
				TARGETED_DEVICE_FAMILY = "1,2";
				TEST_TARGET_NAME = CineNow;
			};
			name = Release;
		};
		A90893E3E4709C6EE22F166F /* Release */ = {
			isa = XCBuildConfiguration;
			buildSettings = {
				CODE_SIGN_IDENTITY = "";
				CURRENT_PROJECT_VERSION = 1;
				DEFINES_MODULE = YES;
				DYLIB_COMPATIBILITY_VERSION = 1;
				DYLIB_CURRENT_VERSION = 1;
				DYLIB_INSTALL_NAME_BASE = "@rpath";
				INSTALL_PATH = "$(LOCAL_LIBRARY_DIR)/Frameworks";
				LD_RUNPATH_SEARCH_PATHS = (
					"$(inherited)",
					"@executable_path/Frameworks",
				);
				PRODUCT_BUNDLE_IDENTIFIER = com.njdevelopment.CineNowCore;
				SDKROOT = iphoneos;
				SKIP_INSTALL = YES;
				TARGETED_DEVICE_FAMILY = "1,2";
				VERSIONING_SYSTEM = "apple-generic";
			};
			name = Release;
		};
		ADEC7BF0805E92EC69B85AD4 /* Release */ = {
			isa = XCBuildConfiguration;
			buildSettings = {
				CODE_SIGN_IDENTITY = "";
				CURRENT_PROJECT_VERSION = 1;
				DEFINES_MODULE = YES;
				DYLIB_COMPATIBILITY_VERSION = 1;
				DYLIB_CURRENT_VERSION = 1;
				DYLIB_INSTALL_NAME_BASE = "@rpath";
				INSTALL_PATH = "$(LOCAL_LIBRARY_DIR)/Frameworks";
				LD_RUNPATH_SEARCH_PATHS = (
					"$(inherited)",
					"@executable_path/Frameworks",
				);
				PRODUCT_BUNDLE_IDENTIFIER = com.njdevelopment.Networking;
				SDKROOT = iphoneos;
				SKIP_INSTALL = YES;
				TARGETED_DEVICE_FAMILY = "1,2";
				VERSIONING_SYSTEM = "apple-generic";
			};
			name = Release;
		};
		BDE50D47C56994EE228D99EF /* Release */ = {
			isa = XCBuildConfiguration;
			buildSettings = {
				ASSETCATALOG_COMPILER_APPICON_NAME = AppIcon;
				CODE_SIGN_IDENTITY = "iPhone Developer";
				INFOPLIST_FILE = CineNow/App/Info.plist;
				LD_RUNPATH_SEARCH_PATHS = (
					"$(inherited)",
					"@executable_path/Frameworks",
				);
				PRODUCT_BUNDLE_IDENTIFIER = com.njdevelopment.CineNow;
				SDKROOT = iphoneos;
				TARGETED_DEVICE_FAMILY = "1,2";
			};
			name = Release;
		};
		D790E8FF32C9953165058EBE /* Debug */ = {
			isa = XCBuildConfiguration;
			buildSettings = {
				ASSETCATALOG_COMPILER_APPICON_NAME = AppIcon;
				CODE_SIGN_IDENTITY = "iPhone Developer";
				INFOPLIST_FILE = CineNow/App/Info.plist;
				LD_RUNPATH_SEARCH_PATHS = (
					"$(inherited)",
					"@executable_path/Frameworks",
				);
				PRODUCT_BUNDLE_IDENTIFIER = com.njdevelopment.CineNow;
				SDKROOT = iphoneos;
				TARGETED_DEVICE_FAMILY = "1,2";
			};
			name = Debug;
		};
		E5676B4384E34C855AFCC0C7 /* Debug */ = {
			isa = XCBuildConfiguration;
			buildSettings = {
				CODE_SIGN_IDENTITY = "";
				CURRENT_PROJECT_VERSION = 1;
				DEFINES_MODULE = YES;
				DYLIB_COMPATIBILITY_VERSION = 1;
				DYLIB_CURRENT_VERSION = 1;
				DYLIB_INSTALL_NAME_BASE = "@rpath";
				INSTALL_PATH = "$(LOCAL_LIBRARY_DIR)/Frameworks";
				LD_RUNPATH_SEARCH_PATHS = (
					"$(inherited)",
					"@executable_path/Frameworks",
				);
				PRODUCT_BUNDLE_IDENTIFIER = com.njdevelopment.CineNowCore;
				SDKROOT = iphoneos;
				SKIP_INSTALL = YES;
				TARGETED_DEVICE_FAMILY = "1,2";
				VERSIONING_SYSTEM = "apple-generic";
			};
			name = Debug;
		};
		E5CFF495A5E65A19E710B554 /* Debug */ = {
			isa = XCBuildConfiguration;
			buildSettings = {
				CODE_SIGN_IDENTITY = "";
				CURRENT_PROJECT_VERSION = 1;
				DEFINES_MODULE = YES;
				DYLIB_COMPATIBILITY_VERSION = 1;
				DYLIB_CURRENT_VERSION = 1;
				DYLIB_INSTALL_NAME_BASE = "@rpath";
				INSTALL_PATH = "$(LOCAL_LIBRARY_DIR)/Frameworks";
				LD_RUNPATH_SEARCH_PATHS = (
					"$(inherited)",
					"@executable_path/Frameworks",
				);
				PRODUCT_BUNDLE_IDENTIFIER = com.njdevelopment.Networking;
				SDKROOT = iphoneos;
				SKIP_INSTALL = YES;
				TARGETED_DEVICE_FAMILY = "1,2";
				VERSIONING_SYSTEM = "apple-generic";
			};
			name = Debug;
		};
		F2D629493EAEAE2C5E41223F /* Release */ = {
			isa = XCBuildConfiguration;
			buildSettings = {
				BUNDLE_LOADER = "$(TEST_HOST)";
				LD_RUNPATH_SEARCH_PATHS = (
					"$(inherited)",
					"@executable_path/Frameworks",
					"@loader_path/Frameworks",
				);
				PRODUCT_BUNDLE_IDENTIFIER = com.njdevelopment.CineNowTests;
				SDKROOT = iphoneos;
				TARGETED_DEVICE_FAMILY = "1,2";
				TEST_HOST = "$(BUILT_PRODUCTS_DIR)/CineNow.app/CineNow";
			};
			name = Release;
		};
/* End XCBuildConfiguration section */

/* Begin XCConfigurationList section */
		11CADD430EED0E40E42B4C7E /* Build configuration list for PBXNativeTarget "CineNowTests" */ = {
			isa = XCConfigurationList;
			buildConfigurations = (
				5C78702D5E28A234AA27846B /* Debug */,
				F2D629493EAEAE2C5E41223F /* Release */,
			);
			defaultConfigurationIsVisible = 0;
			defaultConfigurationName = Debug;
		};
		2063DEC5D2E5B1BA30480557 /* Build configuration list for PBXProject "CineNow" */ = {
			isa = XCConfigurationList;
			buildConfigurations = (
				038C4963658C49A715B1DE68 /* Debug */,
				476E5496CD1EBE94C7DEFBF6 /* Release */,
			);
			defaultConfigurationIsVisible = 0;
			defaultConfigurationName = Debug;
		};
		8791AC9A403259C90E800B2B /* Build configuration list for PBXNativeTarget "Networking" */ = {
			isa = XCConfigurationList;
			buildConfigurations = (
				E5CFF495A5E65A19E710B554 /* Debug */,
				ADEC7BF0805E92EC69B85AD4 /* Release */,
			);
			defaultConfigurationIsVisible = 0;
			defaultConfigurationName = Debug;
		};
		D6D50C410013422FB512C442 /* Build configuration list for PBXNativeTarget "CineNow" */ = {
			isa = XCConfigurationList;
			buildConfigurations = (
				D790E8FF32C9953165058EBE /* Debug */,
				BDE50D47C56994EE228D99EF /* Release */,
			);
			defaultConfigurationIsVisible = 0;
			defaultConfigurationName = Debug;
		};
		F0604E452FA0A838D18C545C /* Build configuration list for PBXNativeTarget "CineNowCore" */ = {
			isa = XCConfigurationList;
			buildConfigurations = (
				E5676B4384E34C855AFCC0C7 /* Debug */,
				A90893E3E4709C6EE22F166F /* Release */,
			);
			defaultConfigurationIsVisible = 0;
			defaultConfigurationName = Debug;
		};
		FA78B950F60296780F890E7A /* Build configuration list for PBXNativeTarget "CineNowUITests" */ = {
			isa = XCConfigurationList;
			buildConfigurations = (
				05F2AA144AC40F0AABE3A0F1 /* Debug */,
				68159D4AFCCE39CE0D196793 /* Release */,
			);
			defaultConfigurationIsVisible = 0;
			defaultConfigurationName = Debug;
		};
/* End XCConfigurationList section */
	};
	rootObject = 05E601FAFBC55C5B329F871E /* Project object */;
}
