// !$*UTF8*$!
{
	archiveVersion = 1;
	classes = {
	};
	objectVersion = 51;
	objects = {

/* Begin PBXBuildFile section */
		133F456FD4546CE1060DEBD7 /* HomeView.swift in Sources */ = {isa = PBXBuildFile; fileRef = F562E4B973B3DC4E663324A0 /* HomeView.swift */; };
		88190E38F2BC5A16AE734EAF /* CineNowApp.swift in Sources */ = {isa = PBXBuildFile; fileRef = 1433DEDA87FB05EE0025F11E /* CineNowApp.swift */; };
		CB83E346D65C4BD2F9401D06 /* ContentView.swift in Sources */ = {isa = PBXBuildFile; fileRef = 3E3E23D011624080F8854ED1 /* ContentView.swift */; };
/* End PBXBuildFile section */

/* Begin PBXFileReference section */
		1433DEDA87FB05EE0025F11E /* CineNowApp.swift */ = {isa = PBXFileReference; lastKnownFileType = sourcecode.swift; path = CineNowApp.swift; sourceTree = "<group>"; };
		3E3E23D011624080F8854ED1 /* ContentView.swift */ = {isa = PBXFileReference; lastKnownFileType = sourcecode.swift; path = ContentView.swift; sourceTree = "<group>"; };
		96F91015465368919EC3EB8F /* CineNow.app */ = {isa = PBXFileReference; includeInIndex = 0; lastKnownFileType = wrapper.application; path = CineNow.app; sourceTree = BUILT_PRODUCTS_DIR; };
		F562E4B973B3DC4E663324A0 /* HomeView.swift */ = {isa = PBXFileReference; lastKnownFileType = sourcecode.swift; path = HomeView.swift; sourceTree = "<group>"; };
/* End PBXFileReference section */

/* Begin PBXGroup section */
		46A4FF4AC9A59BA4FB8697C6 /* Home */ = {
			isa = PBXGroup;
			children = (
				F562E4B973B3DC4E663324A0 /* HomeView.swift */,
			);
			path = Home;
			sourceTree = "<group>";
		};
		477305604620EAB61F7E9DBA /* Features */ = {
			isa = PBXGroup;
			children = (
				46A4FF4AC9A59BA4FB8697C6 /* Home */,
			);
			path = Features;
			sourceTree = "<group>";
		};
		4EC3C3EE60E909B5EE2D80AE /* Sources */ = {
			isa = PBXGroup;
			children = (
				C39229FA168BBAAC3CB9BE8A /* App */,
				477305604620EAB61F7E9DBA /* Features */,
			);
			name = Sources;
			path = CineNow/Sources;
			sourceTree = "<group>";
		};
		A2DDD39F19C68C8738A87E64 /* Products */ = {
			isa = PBXGroup;
			children = (
				96F91015465368919EC3EB8F /* CineNow.app */,
			);
			name = Products;
			sourceTree = "<group>";
		};
		C39229FA168BBAAC3CB9BE8A /* App */ = {
			isa = PBXGroup;
			children = (
				1433DEDA87FB05EE0025F11E /* CineNowApp.swift */,
				3E3E23D011624080F8854ED1 /* ContentView.swift */,
			);
			path = App;
			sourceTree = "<group>";
		};
		F7FEED0C67B228E46A99866A = {
			isa = PBXGroup;
			children = (
				4EC3C3EE60E909B5EE2D80AE /* Sources */,
				A2DDD39F19C68C8738A87E64 /* Products */,
			);
			sourceTree = "<group>";
		};
/* End PBXGroup section */

/* Begin PBXNativeTarget section */
		D1EBDEAB5622ABD0E972AD21 /* CineNow */ = {
			isa = PBXNativeTarget;
			buildConfigurationList = D6D50C410013422FB512C442 /* Build configuration list for PBXNativeTarget "CineNow" */;
			buildPhases = (
				973E84FBBD0C4F76F6641FD2 /* Sources */,
			);
			buildRules = (
			);
			dependencies = (
			);
			name = CineNow;
			productName = CineNow;
			productReference = 96F91015465368919EC3EB8F /* CineNow.app */;
			productType = "com.apple.product-type.application";
		};
/* End PBXNativeTarget section */

/* Begin PBXProject section */
		05E601FAFBC55C5B329F871E /* Project object */ = {
			isa = PBXProject;
			attributes = {
				LastUpgradeCheck = 1200;
			};
			buildConfigurationList = 2063DEC5D2E5B1BA30480557 /* Build configuration list for PBXProject "CineNow" */;
			compatibilityVersion = "Xcode 10.0";
			developmentRegion = en;
			hasScannedForEncodings = 0;
			knownRegions = (
				Base,
				en,
			);
			mainGroup = F7FEED0C67B228E46A99866A;
			projectDirPath = "";
			projectRoot = "";
			targets = (
				D1EBDEAB5622ABD0E972AD21 /* CineNow */,
			);
		};
/* End PBXProject section */

/* Begin PBXSourcesBuildPhase section */
		973E84FBBD0C4F76F6641FD2 /* Sources */ = {
			isa = PBXSourcesBuildPhase;
			buildActionMask = 2147483647;
			files = (
				88190E38F2BC5A16AE734EAF /* CineNowApp.swift in Sources */,
				CB83E346D65C4BD2F9401D06 /* ContentView.swift in Sources */,
				133F456FD4546CE1060DEBD7 /* HomeView.swift in Sources */,
			);
			runOnlyForDeploymentPostprocessing = 0;
		};
/* End PBXSourcesBuildPhase section */

/* Begin XCBuildConfiguration section */
		038C4963658C49A715B1DE68 /* Debug */ = {
			isa = XCBuildConfiguration;
			buildSettings = {
				ALWAYS_SEARCH_USER_PATHS = NO;
				CLANG_ANALYZER_NONNULL = YES;
				CLANG_ANALYZER_NUMBER_OBJECT_CONVERSION = YES_AGGRESSIVE;
				CLANG_CXX_LANGUAGE_STANDARD = "gnu++14";
				CLANG_CXX_LIBRARY = "libc++";
				CLANG_ENABLE_MODULES = YES;
				CLANG_ENABLE_OBJC_ARC = YES;
				CLANG_ENABLE_OBJC_WEAK = YES;
				CLANG_WARN_BLOCK_CAPTURE_AUTORELEASING = YES;
				CLANG_WARN_BOOL_CONVERSION = YES;
				CLANG_WARN_COMMA = YES;
				CLANG_WARN_CONSTANT_CONVERSION = YES;
				CLANG_WARN_DEPRECATED_OBJC_IMPLEMENTATIONS = YES;
				CLANG_WARN_DIRECT_OBJC_ISA_USAGE = YES_ERROR;
				CLANG_WARN_DOCUMENTATION_COMMENTS = YES;
				CLANG_WARN_EMPTY_BODY = YES;
				CLANG_WARN_ENUM_CONVERSION = YES;
				CLANG_WARN_INFINITE_RECURSION = YES;
				CLANG_WARN_INT_CONVERSION = YES;
				CLANG_WARN_NON_LITERAL_NULL_CONVERSION = YES;
				CLANG_WARN_OBJC_IMPLICIT_RETAIN_SELF = YES;
				CLANG_WARN_OBJC_LITERAL_CONVERSION = YES;
				CLANG_WARN_OBJC_ROOT_CLASS = YES_ERROR;
				CLANG_WARN_QUOTED_INCLUDE_IN_FRAMEWORK_HEADER = YES;
				CLANG_WARN_RANGE_LOOP_ANALYSIS = YES;
				CLANG_WARN_STRICT_PROTOTYPES = YES;
				CLANG_WARN_SUSPICIOUS_MOVE = YES;
				CLANG_WARN_UNGUARDED_AVAILABILITY = YES_AGGRESSIVE;
				CLANG_WARN_UNREACHABLE_CODE = YES;
				CLANG_WARN__DUPLICATE_METHOD_MATCH = YES;
				COPY_PHASE_STRIP = NO;
				DEBUG_INFORMATION_FORMAT = dwarf;
				ENABLE_STRICT_OBJC_MSGSEND = YES;
				ENABLE_TESTABILITY = YES;
				GCC_C_LANGUAGE_STANDARD = gnu11;
				GCC_DYNAMIC_NO_PIC = NO;
				GCC_NO_COMMON_BLOCKS = YES;
				GCC_OPTIMIZATION_LEVEL = 0;
				GCC_PREPROCESSOR_DEFINITIONS = (
					"$(inherited)",
					"DEBUG=1",
				);
				GCC_WARN_64_TO_32_BIT_CONVERSION = YES;
				GCC_WARN_ABOUT_RETURN_TYPE = YES_ERROR;
				GCC_WARN_UNDECLARED_SELECTOR = YES;
				GCC_WARN_UNINITIALIZED_AUTOS = YES_AGGRESSIVE;
				GCC_WARN_UNUSED_FUNCTION = YES;
				GCC_WARN_UNUSED_VARIABLE = YES;
				IPHONEOS_DEPLOYMENT_TARGET = 17.0;
				MTL_ENABLE_DEBUG_INFO = INCLUDE_SOURCE;
				MTL_FAST_MATH = YES;
				ONLY_ACTIVE_ARCH = YES;
				PRODUCT_NAME = "$(TARGET_NAME)";
				SDKROOT = iphoneos;
				SWIFT_ACTIVE_COMPILATION_CONDITIONS = DEBUG;
				SWIFT_OPTIMIZATION_LEVEL = "-Onone";
				SWIFT_VERSION = 5.9;
			};
			name = Debug;
		};
		476E5496CD1EBE94C7DEFBF6 /* Release */ = {
			isa = XCBuildConfiguration;
			buildSettings = {
				ALWAYS_SEARCH_USER_PATHS = NO;
				CLANG_ANALYZER_NONNULL = YES;
				CLANG_ANALYZER_NUMBER_OBJECT_CONVERSION = YES_AGGRESSIVE;
				CLANG_CXX_LANGUAGE_STANDARD = "gnu++14";
				CLANG_CXX_LIBRARY = "libc++";
				CLANG_ENABLE_MODULES = YES;
				CLANG_ENABLE_OBJC_ARC = YES;
				CLANG_ENABLE_OBJC_WEAK = YES;
				CLANG_WARN_BLOCK_CAPTURE_AUTORELEASING = YES;
				CLANG_WARN_BOOL_CONVERSION = YES;
				CLANG_WARN_COMMA = YES;
				CLANG_WARN_CONSTANT_CONVERSION = YES;
				CLANG_WARN_DEPRECATED_OBJC_IMPLEMENTATIONS = YES;
				CLANG_WARN_DIRECT_OBJC_ISA_USAGE = YES_ERROR;
				CLANG_WARN_DOCUMENTATION_COMMENTS = YES;
				CLANG_WARN_EMPTY_BODY = YES;
				CLANG_WARN_ENUM_CONVERSION = YES;
				CLANG_WARN_INFINITE_RECURSION = YES;
				CLANG_WARN_INT_CONVERSION = YES;
				CLANG_WARN_NON_LITERAL_NULL_CONVERSION = YES;
				CLANG_WARN_OBJC_IMPLICIT_RETAIN_SELF = YES;
				CLANG_WARN_OBJC_LITERAL_CONVERSION = YES;
				CLANG_WARN_OBJC_ROOT_CLASS = YES_ERROR;
				CLANG_WARN_QUOTED_INCLUDE_IN_FRAMEWORK_HEADER = YES;
				CLANG_WARN_RANGE_LOOP_ANALYSIS = YES;
				CLANG_WARN_STRICT_PROTOTYPES = YES;
				CLANG_WARN_SUSPICIOUS_MOVE = YES;
				CLANG_WARN_UNGUARDED_AVAILABILITY = YES_AGGRESSIVE;
				CLANG_WARN_UNREACHABLE_CODE = YES;
				CLANG_WARN__DUPLICATE_METHOD_MATCH = YES;
				COPY_PHASE_STRIP = NO;
				DEBUG_INFORMATION_FORMAT = "dwarf-with-dsym";
				ENABLE_NS_ASSERTIONS = NO;
				ENABLE_STRICT_OBJC_MSGSEND = YES;
				GCC_C_LANGUAGE_STANDARD = gnu11;
				GCC_NO_COMMON_BLOCKS = YES;
				GCC_WARN_64_TO_32_BIT_CONVERSION = YES;
				GCC_WARN_ABOUT_RETURN_TYPE = YES_ERROR;
				GCC_WARN_UNDECLARED_SELECTOR = YES;
				GCC_WARN_UNINITIALIZED_AUTOS = YES_AGGRESSIVE;
				GCC_WARN_UNUSED_FUNCTION = YES;
				GCC_WARN_UNUSED_VARIABLE = YES;
				IPHONEOS_DEPLOYMENT_TARGET = 17.0;
				MTL_ENABLE_DEBUG_INFO = NO;
				MTL_FAST_MATH = YES;
				PRODUCT_NAME = "$(TARGET_NAME)";
				SDKROOT = iphoneos;
				SWIFT_COMPILATION_MODE = wholemodule;
				SWIFT_OPTIMIZATION_LEVEL = "-O";
				SWIFT_VERSION = 5.9;
			};
			name = Release;
		};
		BDE50D47C56994EE228D99EF /* Release */ = {
			isa = XCBuildConfiguration;
			buildSettings = {
				ASSETCATALOG_COMPILER_APPICON_NAME = AppIcon;
				CODE_SIGN_IDENTITY = "iPhone Developer";
				INFOPLIST_FILE = Sources/App/Info.plist;
				LD_RUNPATH_SEARCH_PATHS = (
					"$(inherited)",
					"@executable_path/Frameworks",
				);
				PRODUCT_BUNDLE_IDENTIFIER = com.njdevelopment.CineNow;
				SDKROOT = iphoneos;
				TARGETED_DEVICE_FAMILY = "1,2";
			};
			name = Release;
		};
		D790E8FF32C9953165058EBE /* Debug */ = {
			isa = XCBuildConfiguration;
			buildSettings = {
				ASSETCATALOG_COMPILER_APPICON_NAME = AppIcon;
				CODE_SIGN_IDENTITY = "iPhone Developer";
				INFOPLIST_FILE = Sources/App/Info.plist;
				LD_RUNPATH_SEARCH_PATHS = (
					"$(inherited)",
					"@executable_path/Frameworks",
				);
				PRODUCT_BUNDLE_IDENTIFIER = com.njdevelopment.CineNow;
				SDKROOT = iphoneos;
				TARGETED_DEVICE_FAMILY = "1,2";
			};
			name = Debug;
		};
/* End XCBuildConfiguration section */

/* Begin XCConfigurationList section */
		2063DEC5D2E5B1BA30480557 /* Build configuration list for PBXProject "CineNow" */ = {
			isa = XCConfigurationList;
			buildConfigurations = (
				038C4963658C49A715B1DE68 /* Debug */,
				476E5496CD1EBE94C7DEFBF6 /* Release */,
			);
			defaultConfigurationIsVisible = 0;
			defaultConfigurationName = Debug;
		};
		D6D50C410013422FB512C442 /* Build configuration list for PBXNativeTarget "CineNow" */ = {
			isa = XCConfigurationList;
			buildConfigurations = (
				D790E8FF32C9953165058EBE /* Debug */,
				BDE50D47C56994EE228D99EF /* Release */,
			);
			defaultConfigurationIsVisible = 0;
			defaultConfigurationName = Debug;
		};
/* End XCConfigurationList section */
	};
	rootObject = 05E601FAFBC55C5B329F871E /* Project object */;
}
